lockfileVersion: '9.0'

settings:
  autoInstallPeers: true
  excludeLinksFromLockfile: false

importers:

  .: {}

  apps/client:
    dependencies:
      '@atrium/client':
        specifier: workspace:*
        version: link:../../packages/client

  apps/playground:
    dependencies:
      '@atrium/client':
        specifier: workspace:*
        version: link:../../packages/client
      '@atrium/renderer-three':
        specifier: workspace:*
        version: link:../../packages/renderer-three

  packages/client:
    dependencies:
      '@atrium/protocol':
        specifier: workspace:*
        version: link:../protocol
      '@atrium/som':
        specifier: workspace:*
        version: link:../som
      '@gltf-transform/core':
        specifier: ^4.3.0
        version: 4.3.0
      '@gltf-transform/extensions':
        specifier: ^4.3.0
        version: 4.3.0
    devDependencies:
      '@atrium/server':
        specifier: workspace:*
        version: link:../server
      ws:
        specifier: ^8.0.0
        version: 8.19.0

  packages/gltf-extension:
    dependencies:
      '@gltf-transform/core':
        specifier: ^4.0.0
        version: 4.3.0

  packages/interaction:
    dependencies:
      '@atrium/som':
        specifier: workspace:*
        version: link:../som

  packages/protocol:
    dependencies:
      ajv:
        specifier: ^8.0.0
        version: 8.18.0

  packages/renderer-three:
    dependencies:
      '@atrium/client':
        specifier: workspace:*
        version: link:../client
      '@atrium/som':
        specifier: workspace:*
        version: link:../som
      '@gltf-transform/view':
        specifier: ^4.3.0
        version: 4.4.0(@gltf-transform/core@4.3.0)(@gltf-transform/extensions@4.3.0)(@types/three@0.184.1)(three@0.163.0)
    devDependencies:
      three:
        specifier: ^0.163.0
        version: 0.163.0

  packages/server:
    dependencies:
      '@atrium/gltf-extension':
        specifier: workspace:*
        version: link:../gltf-extension
      '@atrium/protocol':
        specifier: workspace:*
        version: link:../protocol
      '@atrium/som':
        specifier: workspace:*
        version: link:../som
      '@gltf-transform/core':
        specifier: ^4.0.0
        version: 4.3.0
      '@gltf-transform/extensions':
        specifier: ^4.3.0
        version: 4.3.0
      ws:
        specifier: ^8.0.0
        version: 8.19.0

  packages/som:
    dependencies:
      '@gltf-transform/core':
        specifier: ^4.3.0
        version: 4.3.0
      '@gltf-transform/extensions':
        specifier: ^4.3.0
        version: 4.3.0

  tools/protocol-inspector: {}

packages:

  '@dimforge/rapier3d-compat@0.12.0':
    resolution: {integrity: sha512-uekIGetywIgopfD97oDL5PfeezkFpNhwlzlaEYNOA0N6ghdsOvh/HYjSMek5Q2O1PYvRSDFcqFVJl4r4ZBwOow==}

  '@gltf-transform/core@4.3.0':
    resolution: {integrity: sha512-ZeaQfszGJ9LYwELszu45CuDQCsE26lJNNe36FVmN8xclaT6WDdCj7fwGpQXo0/l/YgAVAHX+uO7YNBW75/SRYw==}

  '@gltf-transform/extensions@4.3.0':
    resolution: {integrity: sha512-XDAjQPYVMHa/VDpSbfCBwI+/1muwRJCaXhUpLgnUzAjn0D//PgvIAcbNm1EwBl3LIWBSwjDUCn2LiMAjp+aXVw==}

  '@gltf-transform/view@4.4.0':
    resolution: {integrity: sha512-K02EKVY8EQvgtfj2TIHviFy4njGyR+COQEYDzXdnWsuAx1L+X5EpkjWl3yZIFYBKcNtTWrIX3M/tTCw6KSJ0cA==}
    peerDependencies:
      '@gltf-transform/core': '>=4.0.0'
      '@gltf-transform/extensions': '>=4.0.0'
      '@types/three': '>=0.155.0'
      three: '>=0.155.0'

  '@tweenjs/tween.js@23.1.3':
    resolution: {integrity: sha512-vJmvvwFxYuGnF2axRtPYocag6Clbb5YS7kLL+SO/TeVFzHqDIWrNKYtcsPMibjDx9O+bu+psAy9NKfWklassUA==}

  '@types/stats.js@0.17.4':
    resolution: {integrity: sha512-jIBvWWShCvlBqBNIZt0KAshWpvSjhkwkEu4ZUcASoAvhmrgAUI2t1dXrjSL4xXVLB4FznPrIsX3nKXFl/Dt4vA==}

  '@types/three@0.184.1':
    resolution: {integrity: sha512-6q4VdiqVsrTRqmk62/BnlcAvIrnDM0zf2ZDVKI5kZiniWrSaOHaQzmbp+BNzoggc/8tgW412pL//wZIxu2PPTA==}

  '@types/webxr@0.5.24':
    resolution: {integrity: sha512-h8fgEd/DpoS9CBrjEQXR+dIDraopAEfu4wYVNY2tEPwk60stPWhvZMf4Foo5FakuQ7HFZoa8WceaWFervK2Ovg==}

  ajv@8.18.0:
    resolution: {integrity: sha512-PlXPeEWMXMZ7sPYOHqmDyCJzcfNrUr3fGNKtezX14ykXOEIvyK81d+qydx89KY5O71FKMPaQ2vBfBFI5NHR63A==}

  fast-deep-equal@3.1.3:
    resolution: {integrity: sha512-f3qQ9oQy9j2AhBe/H9VC91wLmKBCCU/gDOnKNAYG5hswO7BLKj09Hc5HYNz9cGI++xlpDCIgDaitVs03ATR84Q==}

  fast-uri@3.1.0:
    resolution: {integrity: sha512-iPeeDKJSWf4IEOasVVrknXpaBV0IApz/gp7S2bb7Z4Lljbl2MGJRqInZiUrQwV16cpzw/D3S5j5Julj/gT52AA==}

  fflate@0.8.3:
    resolution: {integrity: sha512-tbZNuJrLwGUp3zshBtdy4W+ORxZuIh8a5ilyIEQDC5rY1f3U20JMry0Ll3WBzU58EZKsEuJFXhb5gwv8CsPvgA==}

  json-schema-traverse@1.0.0:
    resolution: {integrity: sha512-NM8/P9n3XjXhIZn1lLhkFaACTOURQXjWhV4BA/RnOv8xvgqtqpAX9IO4mRQxSx1Rlo4tqzeqb0sOlruaOy3dug==}

  ktx-parse@1.1.0:
    resolution: {integrity: sha512-mKp3y+FaYgR7mXWAbyyzpa/r1zDWeaunH+INJO4fou3hb45XuNSwar+7llrRyvpMWafxSIi99RNFJ05MHedaJQ==}

  meshoptimizer@1.1.1:
    resolution: {integrity: sha512-oRFNWJRDA/WTrVj7NWvqa5HqE1t9MYDj2VaWirQCzCCrAd2GHrqR/sQezCxiWATPNlKTcRaPRHPJwIRoPBAp5g==}

  property-graph@4.0.0:
    resolution: {integrity: sha512-I0hojAJfTbSCZy3y6xyK29eayxo14v1bj1VPiDkHjTdz33SV6RdfMz2AHnf4ai62Vng2mN5GkaKahkooBIo9gA==}

  require-from-string@2.0.2:
    resolution: {integrity: sha512-Xf0nWe6RseziFMu+Ap9biiUbmplq6S9/p+7w7YXP/JBHhrUDDUhwa+vANyubuqfZWTveU//DYVGsDG7RKL/vEw==}
    engines: {node: '>=0.10.0'}

  three@0.163.0:
    resolution: {integrity: sha512-HlMgCb2TF/dTLRtknBnjUTsR8FsDqBY43itYop2+Zg822I+Kd0Ua2vs8CvfBVefXkBdNDrLMoRTGCIIpfCuDew==}

  ws@8.19.0:
    resolution: {integrity: sha512-blAT2mjOEIi0ZzruJfIhb3nps74PRWTCz1IjglWEEpQl5XS/UNama6u2/rjFkDDouqr4L67ry+1aGIALViWjDg==}
    engines: {node: '>=10.0.0'}
    peerDependencies:
      bufferutil: ^4.0.1
      utf-8-validate: '>=5.0.2'
    peerDependenciesMeta:
      bufferutil:
        optional: true
      utf-8-validate:
        optional: true

snapshots:

  '@dimforge/rapier3d-compat@0.12.0': {}

  '@gltf-transform/core@4.3.0':
    dependencies:
      property-graph: 4.0.0

  '@gltf-transform/extensions@4.3.0':
    dependencies:
      '@gltf-transform/core': 4.3.0
      ktx-parse: 1.1.0

  '@gltf-transform/view@4.4.0(@gltf-transform/core@4.3.0)(@gltf-transform/extensions@4.3.0)(@types/three@0.184.1)(three@0.163.0)':
    dependencies:
      '@gltf-transform/core': 4.3.0
      '@gltf-transform/extensions': 4.3.0
      '@types/three': 0.184.1
      three: 0.163.0

  '@tweenjs/tween.js@23.1.3': {}

  '@types/stats.js@0.17.4': {}

  '@types/three@0.184.1':
    dependencies:
      '@dimforge/rapier3d-compat': 0.12.0
      '@tweenjs/tween.js': 23.1.3
      '@types/stats.js': 0.17.4
      '@types/webxr': 0.5.24
      fflate: 0.8.3
      meshoptimizer: 1.1.1

  '@types/webxr@0.5.24': {}

  ajv@8.18.0:
    dependencies:
      fast-deep-equal: 3.1.3
      fast-uri: 3.1.0
      json-schema-traverse: 1.0.0
      require-from-string: 2.0.2

  fast-deep-equal@3.1.3: {}

  fast-uri@3.1.0: {}

  fflate@0.8.3: {}

  json-schema-traverse@1.0.0: {}

  ktx-parse@1.1.0: {}

  meshoptimizer@1.1.1: {}

  property-graph@4.0.0: {}

  require-from-string@2.0.2: {}

  three@0.163.0: {}

  ws@8.19.0: {}
